
Microsoft Visual Studio Solution File, Format Version 12.00
# Visual Studio Version 16
VisualStudioVersion = 16.0.30011.22
MinimumVisualStudioVersion = 10.0.40219.1
Project("{FAE04EC0-301F-11D3-BF4B-00C04F79EFBC}") = "VSAirliner", "VSAirliner\VSAirliner.csproj", "{000BE5ED-925F-484B-825B-A0DAF682D573}"
EndProject
Global
	GlobalSection(SolutionConfigurationPlatforms) = preSolution
		Debug|Any CPU = Debug|Any CPU
		Release|Any CPU = Release|Any CPU
	EndGlobalSection
	GlobalSection(ProjectConfigurationPlatforms) = postSolution
		{000BE5ED-925F-484B-825B-A0DAF682D573}.Debug|Any CPU.ActiveCfg = Debug|Any CPU
		{000BE5ED-925F-484B-825B-A0DAF682D573}.Debug|Any CPU.Build.0 = Debug|Any CPU
		{000BE5ED-925F-484B-825B-A0DAF682D573}.Release|Any CPU.ActiveCfg = Release|Any CPU
		{000BE5ED-925F-484B-825B-A0DAF682D573}.Release|Any CPU.Build.0 = Release|Any CPU
	EndGlobalSection
	GlobalSection(SolutionProperties) = preSolution
		HideSolutionNode = FALSE
	EndGlobalSection
	GlobalSection(ExtensibilityGlobals) = postSolution
		SolutionGuid = {C4DBF2E1-011E-4012-88EF-F1DE3467895D}
	EndGlobalSection
EndGlobal
